
Microsoft Visual Studio Solution File, Format Version 12.00
# Visual Studio Version 17
VisualStudioVersion = 17.5.002.0
MinimumVisualStudioVersion = 10.0.40219.1
Project("{9A19103F-16F7-4668-BE54-9A1E7A4F7556}") = "BookShopByKg", "BookShopByKg.csproj", "{BDFE80BF-D21A-4F4C-829E-BE097E580A5A}"
EndProject
Global
	GlobalSection(SolutionConfigurationPlatforms) = preSolution
		Debug|Any CPU = Debug|Any CPU
		Release|Any CPU = Release|Any CPU
	EndGlobalSection
	GlobalSection(ProjectConfigurationPlatforms) = postSolution
		{BDFE80BF-D21A-4F4C-829E-BE097E580A5A}.Debug|Any CPU.ActiveCfg = Debug|Any CPU
		{BDFE80BF-D21A-4F4C-829E-BE097E580A5A}.Debug|Any CPU.Build.0 = Debug|Any CPU
		{BDFE80BF-D21A-4F4C-829E-BE097E580A5A}.Release|Any CPU.ActiveCfg = Release|Any CPU
		{BDFE80BF-D21A-4F4C-829E-BE097E580A5A}.Release|Any CPU.Build.0 = Release|Any CPU
	EndGlobalSection
	GlobalSection(SolutionProperties) = preSolution
		HideSolutionNode = FALSE
	EndGlobalSection
	GlobalSection(ExtensibilityGlobals) = postSolution
		SolutionGuid = {8F08480E-DE84-4E28-95B4-2FADD9AB583E}
	EndGlobalSection
EndGlobal
